
Microsoft Visual Studio Solution File, Format Version 12.00
# Visual Studio Version 17
VisualStudioVersion = 17.0.31903.59
MinimumVisualStudioVersion = 10.0.40219.1
Project("{2150E333-8FDC-42A3-9474-1A3956D46DE8}") = "resource", "resource", "{A0000001-0000-0000-0000-000000000001}"
EndProject
Project("{2150E333-8FDC-42A3-9474-1A3956D46DE8}") = "src", "src", "{A0000002-0000-0000-0000-000000000002}"
EndProject
Project("{2150E333-8FDC-42A3-9474-1A3956D46DE8}") = "Aplicacion", "Aplicacion", "{A0000003-0000-0000-0000-000000000003}"
EndProject
Project("{2150E333-8FDC-42A3-9474-1A3956D46DE8}") = "Dominio", "Dominio", "{A0000004-0000-0000-0000-000000000004}"
EndProject
Project("{2150E333-8FDC-42A3-9474-1A3956D46DE8}") = "Infraestructura", "Infraestructura", "{A0000005-0000-0000-0000-000000000005}"
EndProject
Project("{2150E333-8FDC-42A3-9474-1A3956D46DE8}") = "Presentacion", "Presentacion", "{A0000006-0000-0000-0000-000000000006}"
EndProject
Project("{2150E333-8FDC-42A3-9474-1A3956D46DE8}") = "test", "test", "{A0000007-0000-0000-0000-000000000007}"
EndProject
Project("{2150E333-8FDC-42A3-9474-1A3956D46DE8}") = "PruebaUnitaria", "PruebaUnitaria", "{A0000008-0000-0000-0000-000000000008}"
EndProject
Project("{2150E333-8FDC-42A3-9474-1A3956D46DE8}") = "PruebaIntegral", "PruebaIntegral", "{A0000009-0000-0000-0000-000000000009}"
EndProject
Project("{FAE04EC0-301F-11D3-BF4B-00C04F79EFBC}") = "AplicacionMaestro.Application", "src\Aplicacion\AplicacionMaestro.Application\AplicacionMaestro.Application.csproj", "{22D1DE6D-0CC1-4A37-A79A-B3DCE3AC997D}"
EndProject
Project("{FAE04EC0-301F-11D3-BF4B-00C04F79EFBC}") = "AplicacionMaestro.Domain", "src\Dominio\AplicacionMaestro.Domain\AplicacionMaestro.Domain.csproj", "{DA309A94-0E51-4410-B1A7-228A4111155A}"
EndProject
Project("{FAE04EC0-301F-11D3-BF4B-00C04F79EFBC}") = "AplicacionMaestro.Infrastructure", "src\Infraestructura\AplicacionMaestro.Infrastructure\AplicacionMaestro.Infrastructure.csproj", "{C113F53B-DAA3-4CA8-91D4-9C77C90194E7}"
EndProject
Project("{FAE04EC0-301F-11D3-BF4B-00C04F79EFBC}") = "AplicacionMaestro.Worker.Proveedores", "src\Presentacion\AplicacionMaestro.Worker.Proveedores\AplicacionMaestro.Worker.Proveedores.csproj", "{15F0DD14-2F07-4ECF-9F48-F28BE715FA9D}"
EndProject
Project("{FAE04EC0-301F-11D3-BF4B-00C04F79EFBC}") = "AplicacionMaestro.Worker.Articulos", "src\Presentacion\AplicacionMaestro.Worker.Articulos\AplicacionMaestro.Worker.Articulos.csproj", "{5792952A-4105-4487-9CC3-F08D58407937}"
EndProject
Project("{FAE04EC0-301F-11D3-BF4B-00C04F79EFBC}") = "AplicacionMaestro.Worker.Socios", "src\Presentacion\AplicacionMaestro.Worker.Socios\AplicacionMaestro.Worker.Socios.csproj", "{20C8D0D0-82FF-4BEF-9853-25EF09952C5F}"
EndProject
Project("{FAE04EC0-301F-11D3-BF4B-00C04F79EFBC}") = "AplicacionMaestro.Worker.Aptitudes", "src\Presentacion\AplicacionMaestro.Worker.Aptitudes\AplicacionMaestro.Worker.Aptitudes.csproj", "{911398AC-BFF0-4CF2-BD3C-27FFBF57DEFF}"
EndProject
Project("{FAE04EC0-301F-11D3-BF4B-00C04F79EFBC}") = "AplicacionMaestro.Worker.Certificados", "src\Presentacion\AplicacionMaestro.Worker.Certificados\AplicacionMaestro.Worker.Certificados.csproj", "{D51959A9-1F65-4805-8FDD-D6E9F04F3C11}"
EndProject
Project("{FAE04EC0-301F-11D3-BF4B-00C04F79EFBC}") = "AplicacionMaestro.Worker.Almacenes", "src\Presentacion\AplicacionMaestro.Worker.Almacenes\AplicacionMaestro.Worker.Almacenes.csproj", "{3E6EBF4B-8F78-4D0B-8B16-E7560E1B8B0F}"
EndProject
Project("{FAE04EC0-301F-11D3-BF4B-00C04F79EFBC}") = "AplicacionMaestro.Worker.CodsUnidad1", "src\Presentacion\AplicacionMaestro.Worker.CodsUnidad1\AplicacionMaestro.Worker.CodsUnidad1.csproj", "{23D93A78-7001-4FCD-BE6A-FBF47AAF3A4A}"
EndProject
Project("{FAE04EC0-301F-11D3-BF4B-00C04F79EFBC}") = "AplicacionMaestro.Worker.Empleados", "src\Presentacion\AplicacionMaestro.Worker.Empleados\AplicacionMaestro.Worker.Empleados.csproj", "{094253FB-C11A-48EA-8406-D2D2629696C3}"
EndProject
Project("{FAE04EC0-301F-11D3-BF4B-00C04F79EFBC}") = "AplicacionMaestro.Worker.CuentasContables", "src\Presentacion\AplicacionMaestro.Worker.CuentasContables\AplicacionMaestro.Worker.CuentasContables.csproj", "{3970CE9D-56F8-40A2-BEAB-09DBCDE0020D}"
EndProject
Project("{FAE04EC0-301F-11D3-BF4B-00C04F79EFBC}") = "AplicacionMaestro.Worker.UnitTest", "test\PruebaUnitaria\AplicacionMaestro.Worker.UnitTest\AplicacionMaestro.Worker.UnitTest.csproj", "{D92FE589-9F1C-47B5-82CF-2577BC779257}"
EndProject
Global
	GlobalSection(SolutionConfigurationPlatforms) = preSolution
		Debug|Any CPU = Debug|Any CPU
		Debug|x64 = Debug|x64
		Debug|x86 = Debug|x86
		Release|Any CPU = Release|Any CPU
		Release|x64 = Release|x64
		Release|x86 = Release|x86
	EndGlobalSection
	GlobalSection(ProjectConfigurationPlatforms) = postSolution
		{22D1DE6D-0CC1-4A37-A79A-B3DCE3AC997D}.Debug|Any CPU.ActiveCfg = Debug|Any CPU
		{22D1DE6D-0CC1-4A37-A79A-B3DCE3AC997D}.Debug|Any CPU.Build.0 = Debug|Any CPU
		{22D1DE6D-0CC1-4A37-A79A-B3DCE3AC997D}.Debug|x64.ActiveCfg = Debug|Any CPU
		{22D1DE6D-0CC1-4A37-A79A-B3DCE3AC997D}.Debug|x64.Build.0 = Debug|Any CPU
		{22D1DE6D-0CC1-4A37-A79A-B3DCE3AC997D}.Debug|x86.ActiveCfg = Debug|Any CPU
		{22D1DE6D-0CC1-4A37-A79A-B3DCE3AC997D}.Debug|x86.Build.0 = Debug|Any CPU
		{22D1DE6D-0CC1-4A37-A79A-B3DCE3AC997D}.Release|Any CPU.ActiveCfg = Release|Any CPU
		{22D1DE6D-0CC1-4A37-A79A-B3DCE3AC997D}.Release|Any CPU.Build.0 = Release|Any CPU
		{22D1DE6D-0CC1-4A37-A79A-B3DCE3AC997D}.Release|x64.ActiveCfg = Release|Any CPU
		{22D1DE6D-0CC1-4A37-A79A-B3DCE3AC997D}.Release|x64.Build.0 = Release|Any CPU
		{22D1DE6D-0CC1-4A37-A79A-B3DCE3AC997D}.Release|x86.ActiveCfg = Release|Any CPU
		{22D1DE6D-0CC1-4A37-A79A-B3DCE3AC997D}.Release|x86.Build.0 = Release|Any CPU
		{DA309A94-0E51-4410-B1A7-228A4111155A}.Debug|Any CPU.ActiveCfg = Debug|Any CPU
		{DA309A94-0E51-4410-B1A7-228A4111155A}.Debug|Any CPU.Build.0 = Debug|Any CPU
		{DA309A94-0E51-4410-B1A7-228A4111155A}.Debug|x64.ActiveCfg = Debug|Any CPU
		{DA309A94-0E51-4410-B1A7-228A4111155A}.Debug|x64.Build.0 = Debug|Any CPU
		{DA309A94-0E51-4410-B1A7-228A4111155A}.Debug|x86.ActiveCfg = Debug|Any CPU
		{DA309A94-0E51-4410-B1A7-228A4111155A}.Debug|x86.Build.0 = Debug|Any CPU
		{DA309A94-0E51-4410-B1A7-228A4111155A}.Release|Any CPU.ActiveCfg = Release|Any CPU
		{DA309A94-0E51-4410-B1A7-228A4111155A}.Release|Any CPU.Build.0 = Release|Any CPU
		{DA309A94-0E51-4410-B1A7-228A4111155A}.Release|x64.ActiveCfg = Release|Any CPU
		{DA309A94-0E51-4410-B1A7-228A4111155A}.Release|x64.Build.0 = Release|Any CPU
		{DA309A94-0E51-4410-B1A7-228A4111155A}.Release|x86.ActiveCfg = Release|Any CPU
		{DA309A94-0E51-4410-B1A7-228A4111155A}.Release|x86.Build.0 = Release|Any CPU
		{C113F53B-DAA3-4CA8-91D4-9C77C90194E7}.Debug|Any CPU.ActiveCfg = Debug|Any CPU
		{C113F53B-DAA3-4CA8-91D4-9C77C90194E7}.Debug|Any CPU.Build.0 = Debug|Any CPU
		{C113F53B-DAA3-4CA8-91D4-9C77C90194E7}.Debug|x64.ActiveCfg = Debug|Any CPU
		{C113F53B-DAA3-4CA8-91D4-9C77C90194E7}.Debug|x64.Build.0 = Debug|Any CPU
		{C113F53B-DAA3-4CA8-91D4-9C77C90194E7}.Debug|x86.ActiveCfg = Debug|Any CPU
		{C113F53B-DAA3-4CA8-91D4-9C77C90194E7}.Debug|x86.Build.0 = Debug|Any CPU
		{C113F53B-DAA3-4CA8-91D4-9C77C90194E7}.Release|Any CPU.ActiveCfg = Release|Any CPU
		{C113F53B-DAA3-4CA8-91D4-9C77C90194E7}.Release|Any CPU.Build.0 = Release|Any CPU
		{C113F53B-DAA3-4CA8-91D4-9C77C90194E7}.Release|x64.ActiveCfg = Release|Any CPU
		{C113F53B-DAA3-4CA8-91D4-9C77C90194E7}.Release|x64.Build.0 = Release|Any CPU
		{C113F53B-DAA3-4CA8-91D4-9C77C90194E7}.Release|x86.ActiveCfg = Release|Any CPU
		{C113F53B-DAA3-4CA8-91D4-9C77C90194E7}.Release|x86.Build.0 = Release|Any CPU
		{15F0DD14-2F07-4ECF-9F48-F28BE715FA9D}.Debug|Any CPU.ActiveCfg = Debug|Any CPU
		{15F0DD14-2F07-4ECF-9F48-F28BE715FA9D}.Debug|Any CPU.Build.0 = Debug|Any CPU
		{15F0DD14-2F07-4ECF-9F48-F28BE715FA9D}.Debug|x64.ActiveCfg = Debug|Any CPU
		{15F0DD14-2F07-4ECF-9F48-F28BE715FA9D}.Debug|x64.Build.0 = Debug|Any CPU
		{15F0DD14-2F07-4ECF-9F48-F28BE715FA9D}.Debug|x86.ActiveCfg = Debug|Any CPU
		{15F0DD14-2F07-4ECF-9F48-F28BE715FA9D}.Debug|x86.Build.0 = Debug|Any CPU
		{15F0DD14-2F07-4ECF-9F48-F28BE715FA9D}.Release|Any CPU.ActiveCfg = Release|Any CPU
		{15F0DD14-2F07-4ECF-9F48-F28BE715FA9D}.Release|Any CPU.Build.0 = Release|Any CPU
		{15F0DD14-2F07-4ECF-9F48-F28BE715FA9D}.Release|x64.ActiveCfg = Release|Any CPU
		{15F0DD14-2F07-4ECF-9F48-F28BE715FA9D}.Release|x64.Build.0 = Release|Any CPU
		{15F0DD14-2F07-4ECF-9F48-F28BE715FA9D}.Release|x86.ActiveCfg = Release|Any CPU
		{15F0DD14-2F07-4ECF-9F48-F28BE715FA9D}.Release|x86.Build.0 = Release|Any CPU
		{5792952A-4105-4487-9CC3-F08D58407937}.Debug|Any CPU.ActiveCfg = Debug|Any CPU
		{5792952A-4105-4487-9CC3-F08D58407937}.Debug|Any CPU.Build.0 = Debug|Any CPU
		{5792952A-4105-4487-9CC3-F08D58407937}.Debug|x64.ActiveCfg = Debug|Any CPU
		{5792952A-4105-4487-9CC3-F08D58407937}.Debug|x64.Build.0 = Debug|Any CPU
		{5792952A-4105-4487-9CC3-F08D58407937}.Debug|x86.ActiveCfg = Debug|Any CPU
		{5792952A-4105-4487-9CC3-F08D58407937}.Debug|x86.Build.0 = Debug|Any CPU
		{5792952A-4105-4487-9CC3-F08D58407937}.Release|Any CPU.ActiveCfg = Release|Any CPU
		{5792952A-4105-4487-9CC3-F08D58407937}.Release|Any CPU.Build.0 = Release|Any CPU
		{5792952A-4105-4487-9CC3-F08D58407937}.Release|x64.ActiveCfg = Release|Any CPU
		{5792952A-4105-4487-9CC3-F08D58407937}.Release|x64.Build.0 = Release|Any CPU
		{5792952A-4105-4487-9CC3-F08D58407937}.Release|x86.ActiveCfg = Release|Any CPU
		{5792952A-4105-4487-9CC3-F08D58407937}.Release|x86.Build.0 = Release|Any CPU
		{20C8D0D0-82FF-4BEF-9853-25EF09952C5F}.Debug|Any CPU.ActiveCfg = Debug|Any CPU
		{20C8D0D0-82FF-4BEF-9853-25EF09952C5F}.Debug|Any CPU.Build.0 = Debug|Any CPU
		{20C8D0D0-82FF-4BEF-9853-25EF09952C5F}.Debug|x64.ActiveCfg = Debug|Any CPU
		{20C8D0D0-82FF-4BEF-9853-25EF09952C5F}.Debug|x64.Build.0 = Debug|Any CPU
		{20C8D0D0-82FF-4BEF-9853-25EF09952C5F}.Debug|x86.ActiveCfg = Debug|Any CPU
		{20C8D0D0-82FF-4BEF-9853-25EF09952C5F}.Debug|x86.Build.0 = Debug|Any CPU
		{20C8D0D0-82FF-4BEF-9853-25EF09952C5F}.Release|Any CPU.ActiveCfg = Release|Any CPU
		{20C8D0D0-82FF-4BEF-9853-25EF09952C5F}.Release|Any CPU.Build.0 = Release|Any CPU
		{20C8D0D0-82FF-4BEF-9853-25EF09952C5F}.Release|x64.ActiveCfg = Release|Any CPU
		{20C8D0D0-82FF-4BEF-9853-25EF09952C5F}.Release|x64.Build.0 = Release|Any CPU
		{20C8D0D0-82FF-4BEF-9853-25EF09952C5F}.Release|x86.ActiveCfg = Release|Any CPU
		{20C8D0D0-82FF-4BEF-9853-25EF09952C5F}.Release|x86.Build.0 = Release|Any CPU
		{911398AC-BFF0-4CF2-BD3C-27FFBF57DEFF}.Debug|Any CPU.ActiveCfg = Debug|Any CPU
		{911398AC-BFF0-4CF2-BD3C-27FFBF57DEFF}.Debug|Any CPU.Build.0 = Debug|Any CPU
		{911398AC-BFF0-4CF2-BD3C-27FFBF57DEFF}.Debug|x64.ActiveCfg = Debug|Any CPU
		{911398AC-BFF0-4CF2-BD3C-27FFBF57DEFF}.Debug|x64.Build.0 = Debug|Any CPU
		{911398AC-BFF0-4CF2-BD3C-27FFBF57DEFF}.Debug|x86.ActiveCfg = Debug|Any CPU
		{911398AC-BFF0-4CF2-BD3C-27FFBF57DEFF}.Debug|x86.Build.0 = Debug|Any CPU
		{911398AC-BFF0-4CF2-BD3C-27FFBF57DEFF}.Release|Any CPU.ActiveCfg = Release|Any CPU
		{911398AC-BFF0-4CF2-BD3C-27FFBF57DEFF}.Release|Any CPU.Build.0 = Release|Any CPU
		{911398AC-BFF0-4CF2-BD3C-27FFBF57DEFF}.Release|x64.ActiveCfg = Release|Any CPU
		{911398AC-BFF0-4CF2-BD3C-27FFBF57DEFF}.Release|x64.Build.0 = Release|Any CPU
		{911398AC-BFF0-4CF2-BD3C-27FFBF57DEFF}.Release|x86.ActiveCfg = Release|Any CPU
		{911398AC-BFF0-4CF2-BD3C-27FFBF57DEFF}.Release|x86.Build.0 = Release|Any CPU
		{D51959A9-1F65-4805-8FDD-D6E9F04F3C11}.Debug|Any CPU.ActiveCfg = Debug|Any CPU
		{D51959A9-1F65-4805-8FDD-D6E9F04F3C11}.Debug|Any CPU.Build.0 = Debug|Any CPU
		{D51959A9-1F65-4805-8FDD-D6E9F04F3C11}.Debug|x64.ActiveCfg = Debug|Any CPU
		{D51959A9-1F65-4805-8FDD-D6E9F04F3C11}.Debug|x64.Build.0 = Debug|Any CPU
		{D51959A9-1F65-4805-8FDD-D6E9F04F3C11}.Debug|x86.ActiveCfg = Debug|Any CPU
		{D51959A9-1F65-4805-8FDD-D6E9F04F3C11}.Debug|x86.Build.0 = Debug|Any CPU
		{D51959A9-1F65-4805-8FDD-D6E9F04F3C11}.Release|Any CPU.ActiveCfg = Release|Any CPU
		{D51959A9-1F65-4805-8FDD-D6E9F04F3C11}.Release|Any CPU.Build.0 = Release|Any CPU
		{D51959A9-1F65-4805-8FDD-D6E9F04F3C11}.Release|x64.ActiveCfg = Release|Any CPU
		{D51959A9-1F65-4805-8FDD-D6E9F04F3C11}.Release|x64.Build.0 = Release|Any CPU
		{D51959A9-1F65-4805-8FDD-D6E9F04F3C11}.Release|x86.ActiveCfg = Release|Any CPU
		{D51959A9-1F65-4805-8FDD-D6E9F04F3C11}.Release|x86.Build.0 = Release|Any CPU
		{D92FE589-9F1C-47B5-82CF-2577BC779257}.Debug|Any CPU.ActiveCfg = Debug|Any CPU
		{D92FE589-9F1C-47B5-82CF-2577BC779257}.Debug|Any CPU.Build.0 = Debug|Any CPU
		{D92FE589-9F1C-47B5-82CF-2577BC779257}.Debug|x64.ActiveCfg = Debug|Any CPU
		{D92FE589-9F1C-47B5-82CF-2577BC779257}.Debug|x64.Build.0 = Debug|Any CPU
		{D92FE589-9F1C-47B5-82CF-2577BC779257}.Debug|x86.ActiveCfg = Debug|Any CPU
		{D92FE589-9F1C-47B5-82CF-2577BC779257}.Debug|x86.Build.0 = Debug|Any CPU
		{D92FE589-9F1C-47B5-82CF-2577BC779257}.Release|Any CPU.ActiveCfg = Release|Any CPU
		{D92FE589-9F1C-47B5-82CF-2577BC779257}.Release|Any CPU.Build.0 = Release|Any CPU
		{D92FE589-9F1C-47B5-82CF-2577BC779257}.Release|x64.ActiveCfg = Release|Any CPU
		{D92FE589-9F1C-47B5-82CF-2577BC779257}.Release|x64.Build.0 = Release|Any CPU
		{D92FE589-9F1C-47B5-82CF-2577BC779257}.Release|x86.ActiveCfg = Release|Any CPU
		{D92FE589-9F1C-47B5-82CF-2577BC779257}.Release|x86.Build.0 = Release|Any CPU
		{3E6EBF4B-8F78-4D0B-8B16-E7560E1B8B0F}.Debug|Any CPU.ActiveCfg = Debug|Any CPU
		{3E6EBF4B-8F78-4D0B-8B16-E7560E1B8B0F}.Debug|Any CPU.Build.0 = Debug|Any CPU
		{3E6EBF4B-8F78-4D0B-8B16-E7560E1B8B0F}.Debug|x64.ActiveCfg = Debug|Any CPU
		{3E6EBF4B-8F78-4D0B-8B16-E7560E1B8B0F}.Debug|x64.Build.0 = Debug|Any CPU
		{3E6EBF4B-8F78-4D0B-8B16-E7560E1B8B0F}.Debug|x86.ActiveCfg = Debug|Any CPU
		{3E6EBF4B-8F78-4D0B-8B16-E7560E1B8B0F}.Debug|x86.Build.0 = Debug|Any CPU
		{3E6EBF4B-8F78-4D0B-8B16-E7560E1B8B0F}.Release|Any CPU.ActiveCfg = Release|Any CPU
		{3E6EBF4B-8F78-4D0B-8B16-E7560E1B8B0F}.Release|Any CPU.Build.0 = Release|Any CPU
		{3E6EBF4B-8F78-4D0B-8B16-E7560E1B8B0F}.Release|x64.ActiveCfg = Release|Any CPU
		{3E6EBF4B-8F78-4D0B-8B16-E7560E1B8B0F}.Release|x64.Build.0 = Release|Any CPU
		{3E6EBF4B-8F78-4D0B-8B16-E7560E1B8B0F}.Release|x86.ActiveCfg = Release|Any CPU
		{3E6EBF4B-8F78-4D0B-8B16-E7560E1B8B0F}.Release|x86.Build.0 = Release|Any CPU
		{23D93A78-7001-4FCD-BE6A-FBF47AAF3A4A}.Debug|Any CPU.ActiveCfg = Debug|Any CPU
		{23D93A78-7001-4FCD-BE6A-FBF47AAF3A4A}.Debug|Any CPU.Build.0 = Debug|Any CPU
		{23D93A78-7001-4FCD-BE6A-FBF47AAF3A4A}.Debug|x64.ActiveCfg = Debug|Any CPU
		{23D93A78-7001-4FCD-BE6A-FBF47AAF3A4A}.Debug|x64.Build.0 = Debug|Any CPU
		{23D93A78-7001-4FCD-BE6A-FBF47AAF3A4A}.Debug|x86.ActiveCfg = Debug|Any CPU
		{23D93A78-7001-4FCD-BE6A-FBF47AAF3A4A}.Debug|x86.Build.0 = Debug|Any CPU
		{23D93A78-7001-4FCD-BE6A-FBF47AAF3A4A}.Release|Any CPU.ActiveCfg = Release|Any CPU
		{23D93A78-7001-4FCD-BE6A-FBF47AAF3A4A}.Release|Any CPU.Build.0 = Release|Any CPU
		{23D93A78-7001-4FCD-BE6A-FBF47AAF3A4A}.Release|x64.ActiveCfg = Release|Any CPU
		{23D93A78-7001-4FCD-BE6A-FBF47AAF3A4A}.Release|x64.Build.0 = Release|Any CPU
		{23D93A78-7001-4FCD-BE6A-FBF47AAF3A4A}.Release|x86.ActiveCfg = Release|Any CPU
		{23D93A78-7001-4FCD-BE6A-FBF47AAF3A4A}.Release|x86.Build.0 = Release|Any CPU
		{094253FB-C11A-48EA-8406-D2D2629696C3}.Debug|Any CPU.ActiveCfg = Debug|Any CPU
		{094253FB-C11A-48EA-8406-D2D2629696C3}.Debug|Any CPU.Build.0 = Debug|Any CPU
		{094253FB-C11A-48EA-8406-D2D2629696C3}.Debug|x64.ActiveCfg = Debug|Any CPU
		{094253FB-C11A-48EA-8406-D2D2629696C3}.Debug|x64.Build.0 = Debug|Any CPU
		{094253FB-C11A-48EA-8406-D2D2629696C3}.Debug|x86.ActiveCfg = Debug|Any CPU
		{094253FB-C11A-48EA-8406-D2D2629696C3}.Debug|x86.Build.0 = Debug|Any CPU
		{094253FB-C11A-48EA-8406-D2D2629696C3}.Release|Any CPU.ActiveCfg = Release|Any CPU
		{094253FB-C11A-48EA-8406-D2D2629696C3}.Release|Any CPU.Build.0 = Release|Any CPU
		{094253FB-C11A-48EA-8406-D2D2629696C3}.Release|x64.ActiveCfg = Release|Any CPU
		{094253FB-C11A-48EA-8406-D2D2629696C3}.Release|x64.Build.0 = Release|Any CPU
		{094253FB-C11A-48EA-8406-D2D2629696C3}.Release|x86.ActiveCfg = Release|Any CPU
		{094253FB-C11A-48EA-8406-D2D2629696C3}.Release|x86.Build.0 = Release|Any CPU
		{3970CE9D-56F8-40A2-BEAB-09DBCDE0020D}.Debug|Any CPU.ActiveCfg = Debug|Any CPU
		{3970CE9D-56F8-40A2-BEAB-09DBCDE0020D}.Debug|Any CPU.Build.0 = Debug|Any CPU
		{3970CE9D-56F8-40A2-BEAB-09DBCDE0020D}.Debug|x64.ActiveCfg = Debug|Any CPU
		{3970CE9D-56F8-40A2-BEAB-09DBCDE0020D}.Debug|x64.Build.0 = Debug|Any CPU
		{3970CE9D-56F8-40A2-BEAB-09DBCDE0020D}.Debug|x86.ActiveCfg = Debug|Any CPU
		{3970CE9D-56F8-40A2-BEAB-09DBCDE0020D}.Debug|x86.Build.0 = Debug|Any CPU
		{3970CE9D-56F8-40A2-BEAB-09DBCDE0020D}.Release|Any CPU.ActiveCfg = Release|Any CPU
		{3970CE9D-56F8-40A2-BEAB-09DBCDE0020D}.Release|Any CPU.Build.0 = Release|Any CPU
		{3970CE9D-56F8-40A2-BEAB-09DBCDE0020D}.Release|x64.ActiveCfg = Release|Any CPU
		{3970CE9D-56F8-40A2-BEAB-09DBCDE0020D}.Release|x64.Build.0 = Release|Any CPU
		{3970CE9D-56F8-40A2-BEAB-09DBCDE0020D}.Release|x86.ActiveCfg = Release|Any CPU
		{3970CE9D-56F8-40A2-BEAB-09DBCDE0020D}.Release|x86.Build.0 = Release|Any CPU
	EndGlobalSection
	GlobalSection(SolutionProperties) = preSolution
		HideSolutionNode = FALSE
	EndGlobalSection
	GlobalSection(NestedProjects) = preSolution
		; Proyectos dentro de src/Aplicacion
		{22D1DE6D-0CC1-4A37-A79A-B3DCE3AC997D} = {A0000003-0000-0000-0000-000000000003}
		; Proyectos dentro de src/Dominio
		{DA309A94-0E51-4410-B1A7-228A4111155A} = {A0000004-0000-0000-0000-000000000004}
		; Proyectos dentro de src/Infraestructura
		{C113F53B-DAA3-4CA8-91D4-9C77C90194E7} = {A0000005-0000-0000-0000-000000000005}
		; Proyectos dentro de src/Presentacion
		{15F0DD14-2F07-4ECF-9F48-F28BE715FA9D} = {A0000006-0000-0000-0000-000000000006}
		{5792952A-4105-4487-9CC3-F08D58407937} = {A0000006-0000-0000-0000-000000000006}
		{20C8D0D0-82FF-4BEF-9853-25EF09952C5F} = {A0000006-0000-0000-0000-000000000006}
		{911398AC-BFF0-4CF2-BD3C-27FFBF57DEFF} = {A0000006-0000-0000-0000-000000000006}
		{D51959A9-1F65-4805-8FDD-D6E9F04F3C11} = {A0000006-0000-0000-0000-000000000006}
		{3E6EBF4B-8F78-4D0B-8B16-E7560E1B8B0F} = {A0000006-0000-0000-0000-000000000006}
		{23D93A78-7001-4FCD-BE6A-FBF47AAF3A4A} = {A0000006-0000-0000-0000-000000000006}
		{094253FB-C11A-48EA-8406-D2D2629696C3} = {A0000006-0000-0000-0000-000000000006}
		{3970CE9D-56F8-40A2-BEAB-09DBCDE0020D} = {A0000006-0000-0000-0000-000000000006}
		; Proyectos dentro de test/PruebaUnitaria
		{D92FE589-9F1C-47B5-82CF-2577BC779257} = {A0000008-0000-0000-0000-000000000008}
		; Carpetas de solución anidadas dentro de src
		{A0000003-0000-0000-0000-000000000003} = {A0000002-0000-0000-0000-000000000002}
		{A0000004-0000-0000-0000-000000000004} = {A0000002-0000-0000-0000-000000000002}
		{A0000005-0000-0000-0000-000000000005} = {A0000002-0000-0000-0000-000000000002}
		{A0000006-0000-0000-0000-000000000006} = {A0000002-0000-0000-0000-000000000002}
		; Carpetas de solución anidadas dentro de test
		{A0000008-0000-0000-0000-000000000008} = {A0000007-0000-0000-0000-000000000007}
		{A0000009-0000-0000-0000-000000000009} = {A0000007-0000-0000-0000-000000000007}
	EndGlobalSection
	GlobalSection(ExtensibilityGlobals) = preSolution
		SolutionGuid = {EACE8E01-4DC6-43B1-98FE-402445A01AC3}
	EndGlobalSection
EndGlobal
